// !$*UTF8*$!
{
	archiveVersion = 1;
	classes = {
	};
	objectVersion = 63;
	objects = {

/* Begin PBXBuildFile section */
		05E595D867E5A1255E8997C7 /* GeocodingService.swift in Sources */ = {isa = PBXBuildFile; fileRef = 01ED040EB0BBC4BCDC69A36D /* GeocodingService.swift */; };
		19C9E5F199AC6337CCDB5481 /* GameSession.swift in Sources */ = {isa = PBXBuildFile; fileRef = A5A759FDEAF0D95BF0A72079 /* GameSession.swift */; };
		4AD0E26A1EF02086544DE272 /* PhotoItem.swift in Sources */ = {isa = PBXBuildFile; fileRef = 2C799603104AAF266323127B /* PhotoItem.swift */; };
		6AEA9246AFA66F14DADE1569 /* LocationReveal.swift in Sources */ = {isa = PBXBuildFile; fileRef = EBBED25A35640058E11482C4 /* LocationReveal.swift */; };
		6F54EA69C009AE36473C48E1 /* UserSettings.swift in Sources */ = {isa = PBXBuildFile; fileRef = 4046566B72FDDC88FD01AF79 /* UserSettings.swift */; };
		7E1E6B3E2B181B28A71FC32A /* PermissionRequestView.swift in Sources */ = {isa = PBXBuildFile; fileRef = 4CFC4E70C5CDE0334EC5B3DF /* PermissionRequestView.swift */; };
		8418AC4885DB27EBD328B141 /* PhotoAlbum.swift in Sources */ = {isa = PBXBuildFile; fileRef = 6E769E52D05DBD354D9AB2B4 /* PhotoAlbum.swift */; };
		8E37239A8F6201AEE917C0B0 /* HomeView.swift in Sources */ = {isa = PBXBuildFile; fileRef = CB3B4518873E4029DE2AF5D8 /* HomeView.swift */; };
		A2352E234CC8407ED9D44151 /* AlbumGridItem.swift in Sources */ = {isa = PBXBuildFile; fileRef = 285672EB2980C8EC616506DB /* AlbumGridItem.swift */; };
		A2D29FD7EDA7B1D9845D5EEF /* ContentView.swift in Sources */ = {isa = PBXBuildFile; fileRef = 8638A0A9DB6A3E37059560C9 /* ContentView.swift */; };
		A639C6C58B7F85E8E6BFB219 /* PhotoQuizzApp.swift in Sources */ = {isa = PBXBuildFile; fileRef = 1BD36BDB33A904918E7FEE12 /* PhotoQuizzApp.swift */; };
		A64983AD8D721695CAFB8514 /* TileRevealView.swift in Sources */ = {isa = PBXBuildFile; fileRef = E8DFBBF05158CBD14D289F07 /* TileRevealView.swift */; };
		AEDC931718B693E6468BC737 /* Assets.xcassets in Resources */ = {isa = PBXBuildFile; fileRef = DCC3A991CBB2D78C82B775B2 /* Assets.xcassets */; };
		B1BF497DDE702DC982FB7A30 /* GameSessionView.swift in Sources */ = {isa = PBXBuildFile; fileRef = 65D302B4344FE70DEA415D7E /* GameSessionView.swift */; };
		B20D52CF6DEEB743FF852FFF /* LocationRevealView.swift in Sources */ = {isa = PBXBuildFile; fileRef = 4B258973EDFB6C5EEEA2C338 /* LocationRevealView.swift */; };
		BB91C063EC59C51C68E81F77 /* PermissionDeniedView.swift in Sources */ = {isa = PBXBuildFile; fileRef = A470C6B6668751A7C31BD40B /* PermissionDeniedView.swift */; };
		C3E9F9C292F57A74D248B5D0 /* TimerView.swift in Sources */ = {isa = PBXBuildFile; fileRef = 32D16FD2ECB492A363B854CC /* TimerView.swift */; };
		D9DBF81F8D488AB4EB6BC287 /* CLLocation+Formatting.swift in Sources */ = {isa = PBXBuildFile; fileRef = 76FE997640A4672441324853 /* CLLocation+Formatting.swift */; };
		DDE7DF00AD146A518BD1E364 /* SettingsService.swift in Sources */ = {isa = PBXBuildFile; fileRef = 5D321C76059CB4A9BF3A8C17 /* SettingsService.swift */; };
		E1DB55385893DE224D7C67F3 /* PhotoLibraryService.swift in Sources */ = {isa = PBXBuildFile; fileRef = D890034CA25BB1EAC5412EF6 /* PhotoLibraryService.swift */; };
		E30BDE3E57C61AC4C5E57942 /* SettingsView.swift in Sources */ = {isa = PBXBuildFile; fileRef = FA06E602BD6EB44CDA590319 /* SettingsView.swift */; };
		F76B2E7D7833242B256A9BA4 /* AlbumSelectionView.swift in Sources */ = {isa = PBXBuildFile; fileRef = 704F402856FD80ABBC24A83A /* AlbumSelectionView.swift */; };
/* End PBXBuildFile section */

/* Begin PBXFileReference section */
		01ED040EB0BBC4BCDC69A36D /* GeocodingService.swift */ = {isa = PBXFileReference; lastKnownFileType = sourcecode.swift; path = GeocodingService.swift; sourceTree = "<group>"; };
		1BD36BDB33A904918E7FEE12 /* PhotoQuizzApp.swift */ = {isa = PBXFileReference; lastKnownFileType = sourcecode.swift; path = PhotoQuizzApp.swift; sourceTree = "<group>"; };
		285672EB2980C8EC616506DB /* AlbumGridItem.swift */ = {isa = PBXFileReference; lastKnownFileType = sourcecode.swift; path = AlbumGridItem.swift; sourceTree = "<group>"; };
		2C799603104AAF266323127B /* PhotoItem.swift */ = {isa = PBXFileReference; lastKnownFileType = sourcecode.swift; path = PhotoItem.swift; sourceTree = "<group>"; };
		32D16FD2ECB492A363B854CC /* TimerView.swift */ = {isa = PBXFileReference; lastKnownFileType = sourcecode.swift; path = TimerView.swift; sourceTree = "<group>"; };
		4046566B72FDDC88FD01AF79 /* UserSettings.swift */ = {isa = PBXFileReference; lastKnownFileType = sourcecode.swift; path = UserSettings.swift; sourceTree = "<group>"; };
		4B258973EDFB6C5EEEA2C338 /* LocationRevealView.swift */ = {isa = PBXFileReference; lastKnownFileType = sourcecode.swift; path = LocationRevealView.swift; sourceTree = "<group>"; };
		4CFC4E70C5CDE0334EC5B3DF /* PermissionRequestView.swift */ = {isa = PBXFileReference; lastKnownFileType = sourcecode.swift; path = PermissionRequestView.swift; sourceTree = "<group>"; };
		5D321C76059CB4A9BF3A8C17 /* SettingsService.swift */ = {isa = PBXFileReference; lastKnownFileType = sourcecode.swift; path = SettingsService.swift; sourceTree = "<group>"; };
		65D302B4344FE70DEA415D7E /* GameSessionView.swift */ = {isa = PBXFileReference; lastKnownFileType = sourcecode.swift; path = GameSessionView.swift; sourceTree = "<group>"; };
		6E769E52D05DBD354D9AB2B4 /* PhotoAlbum.swift */ = {isa = PBXFileReference; lastKnownFileType = sourcecode.swift; path = PhotoAlbum.swift; sourceTree = "<group>"; };
		704F402856FD80ABBC24A83A /* AlbumSelectionView.swift */ = {isa = PBXFileReference; lastKnownFileType = sourcecode.swift; path = AlbumSelectionView.swift; sourceTree = "<group>"; };
		76FE997640A4672441324853 /* CLLocation+Formatting.swift */ = {isa = PBXFileReference; lastKnownFileType = sourcecode.swift; path = "CLLocation+Formatting.swift"; sourceTree = "<group>"; };
		8638A0A9DB6A3E37059560C9 /* ContentView.swift */ = {isa = PBXFileReference; lastKnownFileType = sourcecode.swift; path = ContentView.swift; sourceTree = "<group>"; };
		A470C6B6668751A7C31BD40B /* PermissionDeniedView.swift */ = {isa = PBXFileReference; lastKnownFileType = sourcecode.swift; path = PermissionDeniedView.swift; sourceTree = "<group>"; };
		A5A759FDEAF0D95BF0A72079 /* GameSession.swift */ = {isa = PBXFileReference; lastKnownFileType = sourcecode.swift; path = GameSession.swift; sourceTree = "<group>"; };
		B26D0CE3C7294D555DEA8491 /* Info.plist */ = {isa = PBXFileReference; lastKnownFileType = text.plist; path = Info.plist; sourceTree = "<group>"; };
		CB3B4518873E4029DE2AF5D8 /* HomeView.swift */ = {isa = PBXFileReference; lastKnownFileType = sourcecode.swift; path = HomeView.swift; sourceTree = "<group>"; };
		D890034CA25BB1EAC5412EF6 /* PhotoLibraryService.swift */ = {isa = PBXFileReference; lastKnownFileType = sourcecode.swift; path = PhotoLibraryService.swift; sourceTree = "<group>"; };
		DCC3A991CBB2D78C82B775B2 /* Assets.xcassets */ = {isa = PBXFileReference; lastKnownFileType = folder.assetcatalog; path = Assets.xcassets; sourceTree = "<group>"; };
		DEB7A71EF37871805FB49CF6 /* PhotoQuizz.app */ = {isa = PBXFileReference; explicitFileType = wrapper.application; includeInIndex = 0; path = PhotoQuizz.app; sourceTree = BUILT_PRODUCTS_DIR; };
		E8DFBBF05158CBD14D289F07 /* TileRevealView.swift */ = {isa = PBXFileReference; lastKnownFileType = sourcecode.swift; path = TileRevealView.swift; sourceTree = "<group>"; };
		EBBED25A35640058E11482C4 /* LocationReveal.swift */ = {isa = PBXFileReference; lastKnownFileType = sourcecode.swift; path = LocationReveal.swift; sourceTree = "<group>"; };
		FA06E602BD6EB44CDA590319 /* SettingsView.swift */ = {isa = PBXFileReference; lastKnownFileType = sourcecode.swift; path = SettingsView.swift; sourceTree = "<group>"; };
/* End PBXFileReference section */

/* Begin PBXGroup section */
		05C3BA18D473E7B148CA9A6F /* Features */ = {
			isa = PBXGroup;
			children = (
				3FAF738878D5E763F98CCC51 /* AlbumSelection */,
				4160309BB97D97FC254C5D66 /* Game */,
				2A8EF2297527C32FFF10C93C /* Home */,
				F96297D127B00923DCE04A50 /* Onboarding */,
				3349C1775BC7278168799BE5 /* Settings */,
			);
			path = Features;
			sourceTree = "<group>";
		};
		2A8EF2297527C32FFF10C93C /* Home */ = {
			isa = PBXGroup;
			children = (
				CB3B4518873E4029DE2AF5D8 /* HomeView.swift */,
			);
			path = Home;
			sourceTree = "<group>";
		};
		3349C1775BC7278168799BE5 /* Settings */ = {
			isa = PBXGroup;
			children = (
				FA06E602BD6EB44CDA590319 /* SettingsView.swift */,
			);
			path = Settings;
			sourceTree = "<group>";
		};
		363EB2E368190391234FED37 /* PhotoQuizz */ = {
			isa = PBXGroup;
			children = (
				5E0E888127A8B54CA6D5F565 /* App */,
				DA0B71C2E85626F596E21A93 /* Extensions */,
				05C3BA18D473E7B148CA9A6F /* Features */,
				46431F395B6E773B4D6C298B /* Models */,
				CF34AA5D9371F45823371159 /* Resources */,
				E1CB94DD84BABFFAEB892D7B /* Services */,
				B26D0CE3C7294D555DEA8491 /* Info.plist */,
			);
			path = PhotoQuizz;
			sourceTree = "<group>";
		};
		3FAF738878D5E763F98CCC51 /* AlbumSelection */ = {
			isa = PBXGroup;
			children = (
				285672EB2980C8EC616506DB /* AlbumGridItem.swift */,
				704F402856FD80ABBC24A83A /* AlbumSelectionView.swift */,
			);
			path = AlbumSelection;
			sourceTree = "<group>";
		};
		4160309BB97D97FC254C5D66 /* Game */ = {
			isa = PBXGroup;
			children = (
				65D302B4344FE70DEA415D7E /* GameSessionView.swift */,
				4B258973EDFB6C5EEEA2C338 /* LocationRevealView.swift */,
				E8DFBBF05158CBD14D289F07 /* TileRevealView.swift */,
				32D16FD2ECB492A363B854CC /* TimerView.swift */,
			);
			path = Game;
			sourceTree = "<group>";
		};
		46431F395B6E773B4D6C298B /* Models */ = {
			isa = PBXGroup;
			children = (
				A5A759FDEAF0D95BF0A72079 /* GameSession.swift */,
				EBBED25A35640058E11482C4 /* LocationReveal.swift */,
				6E769E52D05DBD354D9AB2B4 /* PhotoAlbum.swift */,
				2C799603104AAF266323127B /* PhotoItem.swift */,
				4046566B72FDDC88FD01AF79 /* UserSettings.swift */,
			);
			path = Models;
			sourceTree = "<group>";
		};
		4E53C19A77B5757C159BB65A = {
			isa = PBXGroup;
			children = (
				363EB2E368190391234FED37 /* PhotoQuizz */,
				EE511F5E5BCE1F8F4A6E2D63 /* Products */,
			);
			sourceTree = "<group>";
		};
		5E0E888127A8B54CA6D5F565 /* App */ = {
			isa = PBXGroup;
			children = (
				8638A0A9DB6A3E37059560C9 /* ContentView.swift */,
				1BD36BDB33A904918E7FEE12 /* PhotoQuizzApp.swift */,
			);
			path = App;
			sourceTree = "<group>";
		};
		CF34AA5D9371F45823371159 /* Resources */ = {
			isa = PBXGroup;
			children = (
				DCC3A991CBB2D78C82B775B2 /* Assets.xcassets */,
			);
			path = Resources;
			sourceTree = "<group>";
		};
		DA0B71C2E85626F596E21A93 /* Extensions */ = {
			isa = PBXGroup;
			children = (
				76FE997640A4672441324853 /* CLLocation+Formatting.swift */,
			);
			path = Extensions;
			sourceTree = "<group>";
		};
		E1CB94DD84BABFFAEB892D7B /* Services */ = {
			isa = PBXGroup;
			children = (
				01ED040EB0BBC4BCDC69A36D /* GeocodingService.swift */,
				D890034CA25BB1EAC5412EF6 /* PhotoLibraryService.swift */,
				5D321C76059CB4A9BF3A8C17 /* SettingsService.swift */,
			);
			path = Services;
			sourceTree = "<group>";
		};
		EE511F5E5BCE1F8F4A6E2D63 /* Products */ = {
			isa = PBXGroup;
			children = (
				DEB7A71EF37871805FB49CF6 /* PhotoQuizz.app */,
			);
			name = Products;
			sourceTree = "<group>";
		};
		F96297D127B00923DCE04A50 /* Onboarding */ = {
			isa = PBXGroup;
			children = (
				A470C6B6668751A7C31BD40B /* PermissionDeniedView.swift */,
				4CFC4E70C5CDE0334EC5B3DF /* PermissionRequestView.swift */,
			);
			path = Onboarding;
			sourceTree = "<group>";
		};
/* End PBXGroup section */

/* Begin PBXNativeTarget section */
		F43BE071C15923F406378997 /* PhotoQuizz */ = {
			isa = PBXNativeTarget;
			buildConfigurationList = 073D8F15FD21B22E183DD41E /* Build configuration list for PBXNativeTarget "PhotoQuizz" */;
			buildPhases = (
				147D1D580E9C4697D5D03D18 /* Sources */,
				887BC182785C06BFA84FA68D /* Resources */,
			);
			buildRules = (
			);
			dependencies = (
			);
			name = PhotoQuizz;
			packageProductDependencies = (
			);
			productName = PhotoQuizz;
			productReference = DEB7A71EF37871805FB49CF6 /* PhotoQuizz.app */;
			productType = "com.apple.product-type.application";
		};
/* End PBXNativeTarget section */

/* Begin PBXProject section */
		9C6A77FE2D61CED2BCE440D0 /* Project object */ = {
			isa = PBXProject;
			attributes = {
				BuildIndependentTargetsInParallel = YES;
				LastUpgradeCheck = 1500;
				TargetAttributes = {
					F43BE071C15923F406378997 = {
						DevelopmentTeam = "";
					};
				};
			};
			buildConfigurationList = E8F5E83FD8B57A36BD50D977 /* Build configuration list for PBXProject "PhotoQuizz" */;
			compatibilityVersion = "Xcode 14.0";
			developmentRegion = en;
			hasScannedForEncodings = 0;
			knownRegions = (
				Base,
				en,
			);
			mainGroup = 4E53C19A77B5757C159BB65A;
			minimizedProjectReferenceProxies = 1;
			projectDirPath = "";
			projectRoot = "";
			targets = (
				F43BE071C15923F406378997 /* PhotoQuizz */,
			);
		};
/* End PBXProject section */

/* Begin PBXResourcesBuildPhase section */
		887BC182785C06BFA84FA68D /* Resources */ = {
			isa = PBXResourcesBuildPhase;
			buildActionMask = 2147483647;
			files = (
				AEDC931718B693E6468BC737 /* Assets.xcassets in Resources */,
			);
			runOnlyForDeploymentPostprocessing = 0;
		};
/* End PBXResourcesBuildPhase section */

/* Begin PBXSourcesBuildPhase section */
		147D1D580E9C4697D5D03D18 /* Sources */ = {
			isa = PBXSourcesBuildPhase;
			buildActionMask = 2147483647;
			files = (
				A2352E234CC8407ED9D44151 /* AlbumGridItem.swift in Sources */,
				F76B2E7D7833242B256A9BA4 /* AlbumSelectionView.swift in Sources */,
				D9DBF81F8D488AB4EB6BC287 /* CLLocation+Formatting.swift in Sources */,
				A2D29FD7EDA7B1D9845D5EEF /* ContentView.swift in Sources */,
				19C9E5F199AC6337CCDB5481 /* GameSession.swift in Sources */,
				B1BF497DDE702DC982FB7A30 /* GameSessionView.swift in Sources */,
				05E595D867E5A1255E8997C7 /* GeocodingService.swift in Sources */,
				8E37239A8F6201AEE917C0B0 /* HomeView.swift in Sources */,
				6AEA9246AFA66F14DADE1569 /* LocationReveal.swift in Sources */,
				B20D52CF6DEEB743FF852FFF /* LocationRevealView.swift in Sources */,
				BB91C063EC59C51C68E81F77 /* PermissionDeniedView.swift in Sources */,
				7E1E6B3E2B181B28A71FC32A /* PermissionRequestView.swift in Sources */,
				8418AC4885DB27EBD328B141 /* PhotoAlbum.swift in Sources */,
				4AD0E26A1EF02086544DE272 /* PhotoItem.swift in Sources */,
				E1DB55385893DE224D7C67F3 /* PhotoLibraryService.swift in Sources */,
				A639C6C58B7F85E8E6BFB219 /* PhotoQuizzApp.swift in Sources */,
				DDE7DF00AD146A518BD1E364 /* SettingsService.swift in Sources */,
				E30BDE3E57C61AC4C5E57942 /* SettingsView.swift in Sources */,
				A64983AD8D721695CAFB8514 /* TileRevealView.swift in Sources */,
				C3E9F9C292F57A74D248B5D0 /* TimerView.swift in Sources */,
				6F54EA69C009AE36473C48E1 /* UserSettings.swift in Sources */,
			);
			runOnlyForDeploymentPostprocessing = 0;
		};
/* End PBXSourcesBuildPhase section */

/* Begin XCBuildConfiguration section */
		451479E6DB87214FB8ACA40B /* Debug */ = {
			isa = XCBuildConfiguration;
			buildSettings = {
				ALWAYS_SEARCH_USER_PATHS = NO;
				CLANG_ANALYZER_NONNULL = YES;
				CLANG_ANALYZER_NUMBER_OBJECT_CONVERSION = YES_AGGRESSIVE;
				CLANG_CXX_LANGUAGE_STANDARD = "gnu++14";
				CLANG_CXX_LIBRARY = "libc++";
				CLANG_ENABLE_MODULES = YES;
				CLANG_ENABLE_OBJC_ARC = YES;
				CLANG_ENABLE_OBJC_WEAK = YES;
				CLANG_WARN_BLOCK_CAPTURE_AUTORELEASING = YES;
				CLANG_WARN_BOOL_CONVERSION = YES;
				CLANG_WARN_COMMA = YES;
				CLANG_WARN_CONSTANT_CONVERSION = YES;
				CLANG_WARN_DEPRECATED_OBJC_IMPLEMENTATIONS = YES;
				CLANG_WARN_DIRECT_OBJC_ISA_USAGE = YES_ERROR;
				CLANG_WARN_DOCUMENTATION_COMMENTS = YES;
				CLANG_WARN_EMPTY_BODY = YES;
				CLANG_WARN_ENUM_CONVERSION = YES;
				CLANG_WARN_INFINITE_RECURSION = YES;
				CLANG_WARN_INT_CONVERSION = YES;
				CLANG_WARN_NON_LITERAL_NULL_CONVERSION = YES;
				CLANG_WARN_OBJC_IMPLICIT_RETAIN_SELF = YES;
				CLANG_WARN_OBJC_LITERAL_CONVERSION = YES;
				CLANG_WARN_OBJC_ROOT_CLASS = YES_ERROR;
				CLANG_WARN_QUOTED_INCLUDE_IN_FRAMEWORK_HEADER = YES;
				CLANG_WARN_RANGE_LOOP_ANALYSIS = YES;
				CLANG_WARN_STRICT_PROTOTYPES = YES;
				CLANG_WARN_SUSPICIOUS_MOVE = YES;
				CLANG_WARN_UNGUARDED_AVAILABILITY = YES_AGGRESSIVE;
				CLANG_WARN_UNREACHABLE_CODE = YES;
				CLANG_WARN__DUPLICATE_METHOD_MATCH = YES;
				COPY_PHASE_STRIP = NO;
				DEBUG_INFORMATION_FORMAT = dwarf;
				DEVELOPMENT_TEAM = "";
				ENABLE_STRICT_OBJC_MSGSEND = YES;
				ENABLE_TESTABILITY = YES;
				GCC_C_LANGUAGE_STANDARD = gnu11;
				GCC_DYNAMIC_NO_PIC = NO;
				GCC_NO_COMMON_BLOCKS = YES;
				GCC_OPTIMIZATION_LEVEL = 0;
				GCC_PREPROCESSOR_DEFINITIONS = (
					"$(inherited)",
					"DEBUG=1",
				);
				GCC_WARN_64_TO_32_BIT_CONVERSION = YES;
				GCC_WARN_ABOUT_RETURN_TYPE = YES_ERROR;
				GCC_WARN_UNDECLARED_SELECTOR = YES;
				GCC_WARN_UNINITIALIZED_AUTOS = YES_AGGRESSIVE;
				GCC_WARN_UNUSED_FUNCTION = YES;
				GCC_WARN_UNUSED_VARIABLE = YES;
				MTL_ENABLE_DEBUG_INFO = INCLUDE_SOURCE;
				MTL_FAST_MATH = YES;
				ONLY_ACTIVE_ARCH = YES;
				PRODUCT_NAME = "$(TARGET_NAME)";
				SDKROOT = appletvos;
				SWIFT_ACTIVE_COMPILATION_CONDITIONS = DEBUG;
				SWIFT_OPTIMIZATION_LEVEL = "-Onone";
				SWIFT_VERSION = 5.9;
				TVOS_DEPLOYMENT_TARGET = 17.0;
			};
			name = Debug;
		};
		5352E3CA2DDE6389C43BCB08 /* Release */ = {
			isa = XCBuildConfiguration;
			buildSettings = {
				ALWAYS_SEARCH_USER_PATHS = NO;
				CLANG_ANALYZER_NONNULL = YES;
				CLANG_ANALYZER_NUMBER_OBJECT_CONVERSION = YES_AGGRESSIVE;
				CLANG_CXX_LANGUAGE_STANDARD = "gnu++14";
				CLANG_CXX_LIBRARY = "libc++";
				CLANG_ENABLE_MODULES = YES;
				CLANG_ENABLE_OBJC_ARC = YES;
				CLANG_ENABLE_OBJC_WEAK = YES;
				CLANG_WARN_BLOCK_CAPTURE_AUTORELEASING = YES;
				CLANG_WARN_BOOL_CONVERSION = YES;
				CLANG_WARN_COMMA = YES;
				CLANG_WARN_CONSTANT_CONVERSION = YES;
				CLANG_WARN_DEPRECATED_OBJC_IMPLEMENTATIONS = YES;
				CLANG_WARN_DIRECT_OBJC_ISA_USAGE = YES_ERROR;
				CLANG_WARN_DOCUMENTATION_COMMENTS = YES;
				CLANG_WARN_EMPTY_BODY = YES;
				CLANG_WARN_ENUM_CONVERSION = YES;
				CLANG_WARN_INFINITE_RECURSION = YES;
				CLANG_WARN_INT_CONVERSION = YES;
				CLANG_WARN_NON_LITERAL_NULL_CONVERSION = YES;
				CLANG_WARN_OBJC_IMPLICIT_RETAIN_SELF = YES;
				CLANG_WARN_OBJC_LITERAL_CONVERSION = YES;
				CLANG_WARN_OBJC_ROOT_CLASS = YES_ERROR;
				CLANG_WARN_QUOTED_INCLUDE_IN_FRAMEWORK_HEADER = YES;
				CLANG_WARN_RANGE_LOOP_ANALYSIS = YES;
				CLANG_WARN_STRICT_PROTOTYPES = YES;
				CLANG_WARN_SUSPICIOUS_MOVE = YES;
				CLANG_WARN_UNGUARDED_AVAILABILITY = YES_AGGRESSIVE;
				CLANG_WARN_UNREACHABLE_CODE = YES;
				CLANG_WARN__DUPLICATE_METHOD_MATCH = YES;
				COPY_PHASE_STRIP = NO;
				DEBUG_INFORMATION_FORMAT = "dwarf-with-dsym";
				DEVELOPMENT_TEAM = "";
				ENABLE_NS_ASSERTIONS = NO;
				ENABLE_STRICT_OBJC_MSGSEND = YES;
				GCC_C_LANGUAGE_STANDARD = gnu11;
				GCC_NO_COMMON_BLOCKS = YES;
				GCC_WARN_64_TO_32_BIT_CONVERSION = YES;
				GCC_WARN_ABOUT_RETURN_TYPE = YES_ERROR;
				GCC_WARN_UNDECLARED_SELECTOR = YES;
				GCC_WARN_UNINITIALIZED_AUTOS = YES_AGGRESSIVE;
				GCC_WARN_UNUSED_FUNCTION = YES;
				GCC_WARN_UNUSED_VARIABLE = YES;
				MTL_ENABLE_DEBUG_INFO = NO;
				MTL_FAST_MATH = YES;
				PRODUCT_NAME = "$(TARGET_NAME)";
				SDKROOT = appletvos;
				SWIFT_COMPILATION_MODE = wholemodule;
				SWIFT_OPTIMIZATION_LEVEL = "-O";
				SWIFT_VERSION = 5.9;
				TVOS_DEPLOYMENT_TARGET = 17.0;
			};
			name = Release;
		};
		E44A722BD62648701DFFD8D7 /* Debug */ = {
			isa = XCBuildConfiguration;
			buildSettings = {
				ASSETCATALOG_COMPILER_APPICON_NAME = "App Icon & Top Shelf Image";
				ASSETCATALOG_COMPILER_GLOBAL_ACCENT_COLOR_NAME = AccentColor;
				ASSETCATALOG_COMPILER_LAUNCHIMAGE_NAME = LaunchImage;
				GENERATE_INFOPLIST_FILE = NO;
				INFOPLIST_FILE = PhotoQuizz_src/Info.plist;
				INFOPLIST_KEY_CFBundleDisplayName = PhotoQuizz;
				INFOPLIST_KEY_LSApplicationCategoryType = "public.app-category.family-games";
				LD_RUNPATH_SEARCH_PATHS = (
					"$(inherited)",
					"@executable_path/Frameworks",
				);
				PRODUCT_BUNDLE_IDENTIFIER = com.photoquizz.app;
				PRODUCT_NAME = PhotoQuizz;
				SDKROOT = appletvos;
				SWIFT_EMIT_LOC_STRINGS = YES;
				TARGETED_DEVICE_FAMILY = 3;
			};
			name = Debug;
		};
		FC6B796DD050515BFF9C4DB3 /* Release */ = {
			isa = XCBuildConfiguration;
			buildSettings = {
				ASSETCATALOG_COMPILER_APPICON_NAME = "App Icon & Top Shelf Image";
				ASSETCATALOG_COMPILER_GLOBAL_ACCENT_COLOR_NAME = AccentColor;
				ASSETCATALOG_COMPILER_LAUNCHIMAGE_NAME = LaunchImage;
				GENERATE_INFOPLIST_FILE = NO;
				INFOPLIST_FILE = PhotoQuizz_src/Info.plist;
				INFOPLIST_KEY_CFBundleDisplayName = PhotoQuizz;
				INFOPLIST_KEY_LSApplicationCategoryType = "public.app-category.family-games";
				LD_RUNPATH_SEARCH_PATHS = (
					"$(inherited)",
					"@executable_path/Frameworks",
				);
				PRODUCT_BUNDLE_IDENTIFIER = com.photoquizz.app;
				PRODUCT_NAME = PhotoQuizz;
				SDKROOT = appletvos;
				SWIFT_EMIT_LOC_STRINGS = YES;
				TARGETED_DEVICE_FAMILY = 3;
			};
			name = Release;
		};
/* End XCBuildConfiguration section */

/* Begin XCConfigurationList section */
		073D8F15FD21B22E183DD41E /* Build configuration list for PBXNativeTarget "PhotoQuizz" */ = {
			isa = XCConfigurationList;
			buildConfigurations = (
				E44A722BD62648701DFFD8D7 /* Debug */,
				FC6B796DD050515BFF9C4DB3 /* Release */,
			);
			defaultConfigurationIsVisible = 0;
			defaultConfigurationName = Debug;
		};
		E8F5E83FD8B57A36BD50D977 /* Build configuration list for PBXProject "PhotoQuizz" */ = {
			isa = XCConfigurationList;
			buildConfigurations = (
				451479E6DB87214FB8ACA40B /* Debug */,
				5352E3CA2DDE6389C43BCB08 /* Release */,
			);
			defaultConfigurationIsVisible = 0;
			defaultConfigurationName = Debug;
		};
/* End XCConfigurationList section */
	};
	rootObject = 9C6A77FE2D61CED2BCE440D0 /* Project object */;
}
