// !$*UTF8*$!
{
	archiveVersion = 1;
	classes = {
	};
	objectVersion = 77;
	objects = {

/* Begin PBXBuildFile section */
		05888C55AF96F6DCA820DEEA /* CLLocation+Formatting.swift in Sources */ = {isa = PBXBuildFile; fileRef = 56E62CB39112E80E36F1D383 /* CLLocation+Formatting.swift */; };
		1C1292E75AC02C36594E0AF1 /* LocationReveal.swift in Sources */ = {isa = PBXBuildFile; fileRef = 4C02BF597DE5E42DC4A17630 /* LocationReveal.swift */; };
		1F39C1EA8B722FD0B341D59E /* HomeView.swift in Sources */ = {isa = PBXBuildFile; fileRef = 1F2D7AD55350726F9E002348 /* HomeView.swift */; };
		2274FEE2CE11850C91D1FA39 /* AlbumSelectionView.swift in Sources */ = {isa = PBXBuildFile; fileRef = 423C6E601A71DEC4FD8B95B9 /* AlbumSelectionView.swift */; };
		4C8A259BCD6B008DCE163A37 /* ContentView.swift in Sources */ = {isa = PBXBuildFile; fileRef = 064B3297F078505ABAF7857B /* ContentView.swift */; };
		5EEA8CC4C3E9D70A103434DA /* PermissionDeniedView.swift in Sources */ = {isa = PBXBuildFile; fileRef = A09A50CBAACCEEE6F8B12432 /* PermissionDeniedView.swift */; };
		5F9F808A70FC4C006F1BD7E0 /* TileRevealView.swift in Sources */ = {isa = PBXBuildFile; fileRef = 41F6A7453D879CFBD2F3EE4C /* TileRevealView.swift */; };
		8313AE37FCB8BD48C318B42B /* AlbumGridItem.swift in Sources */ = {isa = PBXBuildFile; fileRef = BCE778B3EB4C649D0CEBAE86 /* AlbumGridItem.swift */; };
		8482C53CC00AC733FBFEADB6 /* LocationRevealView.swift in Sources */ = {isa = PBXBuildFile; fileRef = EBBF2EAD484B2E15353BD6F0 /* LocationRevealView.swift */; };
		8953E9279404B0F1818F9F5C /* SettingsView.swift in Sources */ = {isa = PBXBuildFile; fileRef = 42E3A170C27E896043B2AB61 /* SettingsView.swift */; };
		8D7687FA5F47F642C3844773 /* GeocodingService.swift in Sources */ = {isa = PBXBuildFile; fileRef = D5B6064D5DFC981968F4088E /* GeocodingService.swift */; };
		8F0D11F8A007B19983A35556 /* GameSessionView.swift in Sources */ = {isa = PBXBuildFile; fileRef = D237B5F573B5B09ECBD18B20 /* GameSessionView.swift */; };
		90A65CB9E625871F48443E36 /* UserSettings.swift in Sources */ = {isa = PBXBuildFile; fileRef = ED77123ADCE08E8E8545C552 /* UserSettings.swift */; };
		9880A4C447FB26D7A8B0FF70 /* PhotoAlbum.swift in Sources */ = {isa = PBXBuildFile; fileRef = 7AB5DE8C83C5BE13EEEC52E8 /* PhotoAlbum.swift */; };
		9ADB2E66C081379469A7505E /* PhotoItem.swift in Sources */ = {isa = PBXBuildFile; fileRef = E9CA1807EA2BD9C70D770796 /* PhotoItem.swift */; };
		9ED220A8652730B8A16867C6 /* PermissionRequestView.swift in Sources */ = {isa = PBXBuildFile; fileRef = F26A8F1D390E6D928753782B /* PermissionRequestView.swift */; };
		A0832B4062BBCAE5633E8053 /* TimerView.swift in Sources */ = {isa = PBXBuildFile; fileRef = DE18392A14877F134FA3B318 /* TimerView.swift */; };
		A3E0E8168E57B69C3331D0F2 /* Assets.xcassets in Resources */ = {isa = PBXBuildFile; fileRef = 37E9B42D0B0A4E487B1C9F5A /* Assets.xcassets */; };
		A8C2C2085D533B991D838110 /* PhotoQuizzApp.swift in Sources */ = {isa = PBXBuildFile; fileRef = E133FB60BA5351EAD0839234 /* PhotoQuizzApp.swift */; };
		BC1235FC91719D22C4E0EC88 /* SettingsService.swift in Sources */ = {isa = PBXBuildFile; fileRef = 5E94CEDBF6A1341169DC561D /* SettingsService.swift */; };
		CF852C58765EE8A0FA1E8C43 /* GameSession.swift in Sources */ = {isa = PBXBuildFile; fileRef = 616EB927FAF660895898CE00 /* GameSession.swift */; };
		D9459EE1E8F08802AEE7873F /* PhotoLibraryService.swift in Sources */ = {isa = PBXBuildFile; fileRef = 4BD3124D83FE21B2D7C0DF78 /* PhotoLibraryService.swift */; };
/* End PBXBuildFile section */

/* Begin PBXFileReference section */
		064B3297F078505ABAF7857B /* ContentView.swift */ = {isa = PBXFileReference; lastKnownFileType = sourcecode.swift; path = ContentView.swift; sourceTree = "<group>"; };
		1F2D7AD55350726F9E002348 /* HomeView.swift */ = {isa = PBXFileReference; lastKnownFileType = sourcecode.swift; path = HomeView.swift; sourceTree = "<group>"; };
		37E9B42D0B0A4E487B1C9F5A /* Assets.xcassets */ = {isa = PBXFileReference; lastKnownFileType = folder.assetcatalog; path = Assets.xcassets; sourceTree = "<group>"; };
		41F6A7453D879CFBD2F3EE4C /* TileRevealView.swift */ = {isa = PBXFileReference; lastKnownFileType = sourcecode.swift; path = TileRevealView.swift; sourceTree = "<group>"; };
		423C6E601A71DEC4FD8B95B9 /* AlbumSelectionView.swift */ = {isa = PBXFileReference; lastKnownFileType = sourcecode.swift; path = AlbumSelectionView.swift; sourceTree = "<group>"; };
		42E3A170C27E896043B2AB61 /* SettingsView.swift */ = {isa = PBXFileReference; lastKnownFileType = sourcecode.swift; path = SettingsView.swift; sourceTree = "<group>"; };
		4BD3124D83FE21B2D7C0DF78 /* PhotoLibraryService.swift */ = {isa = PBXFileReference; lastKnownFileType = sourcecode.swift; path = PhotoLibraryService.swift; sourceTree = "<group>"; };
		4C02BF597DE5E42DC4A17630 /* LocationReveal.swift */ = {isa = PBXFileReference; lastKnownFileType = sourcecode.swift; path = LocationReveal.swift; sourceTree = "<group>"; };
		56E62CB39112E80E36F1D383 /* CLLocation+Formatting.swift */ = {isa = PBXFileReference; lastKnownFileType = sourcecode.swift; path = "CLLocation+Formatting.swift"; sourceTree = "<group>"; };
		5E94CEDBF6A1341169DC561D /* SettingsService.swift */ = {isa = PBXFileReference; lastKnownFileType = sourcecode.swift; path = SettingsService.swift; sourceTree = "<group>"; };
		616EB927FAF660895898CE00 /* GameSession.swift */ = {isa = PBXFileReference; lastKnownFileType = sourcecode.swift; path = GameSession.swift; sourceTree = "<group>"; };
		7AB5DE8C83C5BE13EEEC52E8 /* PhotoAlbum.swift */ = {isa = PBXFileReference; lastKnownFileType = sourcecode.swift; path = PhotoAlbum.swift; sourceTree = "<group>"; };
		7F396C3DF0FF98AC6F7FAC53 /* Info.plist */ = {isa = PBXFileReference; lastKnownFileType = text.plist; path = Info.plist; sourceTree = "<group>"; };
		A09A50CBAACCEEE6F8B12432 /* PermissionDeniedView.swift */ = {isa = PBXFileReference; lastKnownFileType = sourcecode.swift; path = PermissionDeniedView.swift; sourceTree = "<group>"; };
		BCE778B3EB4C649D0CEBAE86 /* AlbumGridItem.swift */ = {isa = PBXFileReference; lastKnownFileType = sourcecode.swift; path = AlbumGridItem.swift; sourceTree = "<group>"; };
		D237B5F573B5B09ECBD18B20 /* GameSessionView.swift */ = {isa = PBXFileReference; lastKnownFileType = sourcecode.swift; path = GameSessionView.swift; sourceTree = "<group>"; };
		D5B6064D5DFC981968F4088E /* GeocodingService.swift */ = {isa = PBXFileReference; lastKnownFileType = sourcecode.swift; path = GeocodingService.swift; sourceTree = "<group>"; };
		DE18392A14877F134FA3B318 /* TimerView.swift */ = {isa = PBXFileReference; lastKnownFileType = sourcecode.swift; path = TimerView.swift; sourceTree = "<group>"; };
		DEB7A71EF37871805FB49CF6 /* PhotoQuizz.app */ = {isa = PBXFileReference; includeInIndex = 0; lastKnownFileType = wrapper.application; path = PhotoQuizz.app; sourceTree = BUILT_PRODUCTS_DIR; };
		E133FB60BA5351EAD0839234 /* PhotoQuizzApp.swift */ = {isa = PBXFileReference; lastKnownFileType = sourcecode.swift; path = PhotoQuizzApp.swift; sourceTree = "<group>"; };
		E9CA1807EA2BD9C70D770796 /* PhotoItem.swift */ = {isa = PBXFileReference; lastKnownFileType = sourcecode.swift; path = PhotoItem.swift; sourceTree = "<group>"; };
		EBBF2EAD484B2E15353BD6F0 /* LocationRevealView.swift */ = {isa = PBXFileReference; lastKnownFileType = sourcecode.swift; path = LocationRevealView.swift; sourceTree = "<group>"; };
		ED77123ADCE08E8E8545C552 /* UserSettings.swift */ = {isa = PBXFileReference; lastKnownFileType = sourcecode.swift; path = UserSettings.swift; sourceTree = "<group>"; };
		F26A8F1D390E6D928753782B /* PermissionRequestView.swift */ = {isa = PBXFileReference; lastKnownFileType = sourcecode.swift; path = PermissionRequestView.swift; sourceTree = "<group>"; };
/* End PBXFileReference section */

/* Begin PBXGroup section */
		0BE1A970FF0FAE8ADBFDDE7A /* Resources */ = {
			isa = PBXGroup;
			children = (
				37E9B42D0B0A4E487B1C9F5A /* Assets.xcassets */,
			);
			path = Resources;
			sourceTree = "<group>";
		};
		0D0BEA266F21DDD2734A676A /* Settings */ = {
			isa = PBXGroup;
			children = (
				42E3A170C27E896043B2AB61 /* SettingsView.swift */,
			);
			path = Settings;
			sourceTree = "<group>";
		};
		15CFA1DB38BDA520C4E345D7 /* App */ = {
			isa = PBXGroup;
			children = (
				064B3297F078505ABAF7857B /* ContentView.swift */,
				E133FB60BA5351EAD0839234 /* PhotoQuizzApp.swift */,
			);
			path = App;
			sourceTree = "<group>";
		};
		2E4382FDBF1FA2969F4BC19E /* AlbumSelection */ = {
			isa = PBXGroup;
			children = (
				BCE778B3EB4C649D0CEBAE86 /* AlbumGridItem.swift */,
				423C6E601A71DEC4FD8B95B9 /* AlbumSelectionView.swift */,
			);
			path = AlbumSelection;
			sourceTree = "<group>";
		};
		4E53C19A77B5757C159BB65A = {
			isa = PBXGroup;
			children = (
				7BD18AB8FE4D740AE1C660D1 /* PhotoQuizz */,
				EE511F5E5BCE1F8F4A6E2D63 /* Products */,
			);
			sourceTree = "<group>";
		};
		4F3EDA31A3E7A328AB64EB3C /* Home */ = {
			isa = PBXGroup;
			children = (
				1F2D7AD55350726F9E002348 /* HomeView.swift */,
			);
			path = Home;
			sourceTree = "<group>";
		};
		635D2E48CADA765467C31E3F /* Onboarding */ = {
			isa = PBXGroup;
			children = (
				A09A50CBAACCEEE6F8B12432 /* PermissionDeniedView.swift */,
				F26A8F1D390E6D928753782B /* PermissionRequestView.swift */,
			);
			path = Onboarding;
			sourceTree = "<group>";
		};
		69EDDFD649E65371BA332D47 /* Services */ = {
			isa = PBXGroup;
			children = (
				D5B6064D5DFC981968F4088E /* GeocodingService.swift */,
				4BD3124D83FE21B2D7C0DF78 /* PhotoLibraryService.swift */,
				5E94CEDBF6A1341169DC561D /* SettingsService.swift */,
			);
			path = Services;
			sourceTree = "<group>";
		};
		6AC5775B2D0A4E7D5C8533A0 /* Features */ = {
			isa = PBXGroup;
			children = (
				2E4382FDBF1FA2969F4BC19E /* AlbumSelection */,
				EEB3694F26A7294ED67A9333 /* Game */,
				4F3EDA31A3E7A328AB64EB3C /* Home */,
				635D2E48CADA765467C31E3F /* Onboarding */,
				0D0BEA266F21DDD2734A676A /* Settings */,
			);
			path = Features;
			sourceTree = "<group>";
		};
		7BD18AB8FE4D740AE1C660D1 /* PhotoQuizz */ = {
			isa = PBXGroup;
			children = (
				15CFA1DB38BDA520C4E345D7 /* App */,
				82DE41ECFEA273866195A0CB /* Extensions */,
				6AC5775B2D0A4E7D5C8533A0 /* Features */,
				BF12D3F3E5196464EAB1E6A0 /* Models */,
				0BE1A970FF0FAE8ADBFDDE7A /* Resources */,
				69EDDFD649E65371BA332D47 /* Services */,
				7F396C3DF0FF98AC6F7FAC53 /* Info.plist */,
			);
			path = PhotoQuizz;
			sourceTree = "<group>";
		};
		82DE41ECFEA273866195A0CB /* Extensions */ = {
			isa = PBXGroup;
			children = (
				56E62CB39112E80E36F1D383 /* CLLocation+Formatting.swift */,
			);
			path = Extensions;
			sourceTree = "<group>";
		};
		BF12D3F3E5196464EAB1E6A0 /* Models */ = {
			isa = PBXGroup;
			children = (
				616EB927FAF660895898CE00 /* GameSession.swift */,
				4C02BF597DE5E42DC4A17630 /* LocationReveal.swift */,
				7AB5DE8C83C5BE13EEEC52E8 /* PhotoAlbum.swift */,
				E9CA1807EA2BD9C70D770796 /* PhotoItem.swift */,
				ED77123ADCE08E8E8545C552 /* UserSettings.swift */,
			);
			path = Models;
			sourceTree = "<group>";
		};
		EE511F5E5BCE1F8F4A6E2D63 /* Products */ = {
			isa = PBXGroup;
			children = (
				DEB7A71EF37871805FB49CF6 /* PhotoQuizz.app */,
			);
			name = Products;
			sourceTree = "<group>";
		};
		EEB3694F26A7294ED67A9333 /* Game */ = {
			isa = PBXGroup;
			children = (
				D237B5F573B5B09ECBD18B20 /* GameSessionView.swift */,
				EBBF2EAD484B2E15353BD6F0 /* LocationRevealView.swift */,
				41F6A7453D879CFBD2F3EE4C /* TileRevealView.swift */,
				DE18392A14877F134FA3B318 /* TimerView.swift */,
			);
			path = Game;
			sourceTree = "<group>";
		};
/* End PBXGroup section */

/* Begin PBXNativeTarget section */
		F43BE071C15923F406378997 /* PhotoQuizz */ = {
			isa = PBXNativeTarget;
			buildConfigurationList = 073D8F15FD21B22E183DD41E /* Build configuration list for PBXNativeTarget "PhotoQuizz" */;
			buildPhases = (
				147D1D580E9C4697D5D03D18 /* Sources */,
				887BC182785C06BFA84FA68D /* Resources */,
			);
			buildRules = (
			);
			dependencies = (
			);
			name = PhotoQuizz;
			packageProductDependencies = (
			);
			productName = PhotoQuizz;
			productReference = DEB7A71EF37871805FB49CF6 /* PhotoQuizz.app */;
			productType = "com.apple.product-type.application";
		};
/* End PBXNativeTarget section */

/* Begin PBXProject section */
		9C6A77FE2D61CED2BCE440D0 /* Project object */ = {
			isa = PBXProject;
			attributes = {
				BuildIndependentTargetsInParallel = YES;
				LastUpgradeCheck = 1500;
				TargetAttributes = {
					F43BE071C15923F406378997 = {
						DevelopmentTeam = "";
					};
				};
			};
			buildConfigurationList = E8F5E83FD8B57A36BD50D977 /* Build configuration list for PBXProject "PhotoQuizz" */;
			compatibilityVersion = "Xcode 14.0";
			developmentRegion = en;
			hasScannedForEncodings = 0;
			knownRegions = (
				Base,
				en,
			);
			mainGroup = 4E53C19A77B5757C159BB65A;
			minimizedProjectReferenceProxies = 1;
			preferredProjectObjectVersion = 77;
			projectDirPath = "";
			projectRoot = "";
			targets = (
				F43BE071C15923F406378997 /* PhotoQuizz */,
			);
		};
/* End PBXProject section */

/* Begin PBXResourcesBuildPhase section */
		887BC182785C06BFA84FA68D /* Resources */ = {
			isa = PBXResourcesBuildPhase;
			buildActionMask = 2147483647;
			files = (
				A3E0E8168E57B69C3331D0F2 /* Assets.xcassets in Resources */,
			);
			runOnlyForDeploymentPostprocessing = 0;
		};
/* End PBXResourcesBuildPhase section */

/* Begin PBXSourcesBuildPhase section */
		147D1D580E9C4697D5D03D18 /* Sources */ = {
			isa = PBXSourcesBuildPhase;
			buildActionMask = 2147483647;
			files = (
				8313AE37FCB8BD48C318B42B /* AlbumGridItem.swift in Sources */,
				2274FEE2CE11850C91D1FA39 /* AlbumSelectionView.swift in Sources */,
				05888C55AF96F6DCA820DEEA /* CLLocation+Formatting.swift in Sources */,
				4C8A259BCD6B008DCE163A37 /* ContentView.swift in Sources */,
				CF852C58765EE8A0FA1E8C43 /* GameSession.swift in Sources */,
				8F0D11F8A007B19983A35556 /* GameSessionView.swift in Sources */,
				8D7687FA5F47F642C3844773 /* GeocodingService.swift in Sources */,
				1F39C1EA8B722FD0B341D59E /* HomeView.swift in Sources */,
				1C1292E75AC02C36594E0AF1 /* LocationReveal.swift in Sources */,
				8482C53CC00AC733FBFEADB6 /* LocationRevealView.swift in Sources */,
				5EEA8CC4C3E9D70A103434DA /* PermissionDeniedView.swift in Sources */,
				9ED220A8652730B8A16867C6 /* PermissionRequestView.swift in Sources */,
				9880A4C447FB26D7A8B0FF70 /* PhotoAlbum.swift in Sources */,
				9ADB2E66C081379469A7505E /* PhotoItem.swift in Sources */,
				D9459EE1E8F08802AEE7873F /* PhotoLibraryService.swift in Sources */,
				A8C2C2085D533B991D838110 /* PhotoQuizzApp.swift in Sources */,
				BC1235FC91719D22C4E0EC88 /* SettingsService.swift in Sources */,
				8953E9279404B0F1818F9F5C /* SettingsView.swift in Sources */,
				5F9F808A70FC4C006F1BD7E0 /* TileRevealView.swift in Sources */,
				A0832B4062BBCAE5633E8053 /* TimerView.swift in Sources */,
				90A65CB9E625871F48443E36 /* UserSettings.swift in Sources */,
			);
			runOnlyForDeploymentPostprocessing = 0;
		};
/* End PBXSourcesBuildPhase section */

/* Begin XCBuildConfiguration section */
		451479E6DB87214FB8ACA40B /* Debug */ = {
			isa = XCBuildConfiguration;
			buildSettings = {
				ALWAYS_SEARCH_USER_PATHS = NO;
				CLANG_ANALYZER_NONNULL = YES;
				CLANG_ANALYZER_NUMBER_OBJECT_CONVERSION = YES_AGGRESSIVE;
				CLANG_CXX_LANGUAGE_STANDARD = "gnu++14";
				CLANG_CXX_LIBRARY = "libc++";
				CLANG_ENABLE_MODULES = YES;
				CLANG_ENABLE_OBJC_ARC = YES;
				CLANG_ENABLE_OBJC_WEAK = YES;
				CLANG_WARN_BLOCK_CAPTURE_AUTORELEASING = YES;
				CLANG_WARN_BOOL_CONVERSION = YES;
				CLANG_WARN_COMMA = YES;
				CLANG_WARN_CONSTANT_CONVERSION = YES;
				CLANG_WARN_DEPRECATED_OBJC_IMPLEMENTATIONS = YES;
				CLANG_WARN_DIRECT_OBJC_ISA_USAGE = YES_ERROR;
				CLANG_WARN_DOCUMENTATION_COMMENTS = YES;
				CLANG_WARN_EMPTY_BODY = YES;
				CLANG_WARN_ENUM_CONVERSION = YES;
				CLANG_WARN_INFINITE_RECURSION = YES;
				CLANG_WARN_INT_CONVERSION = YES;
				CLANG_WARN_NON_LITERAL_NULL_CONVERSION = YES;
				CLANG_WARN_OBJC_IMPLICIT_RETAIN_SELF = YES;
				CLANG_WARN_OBJC_LITERAL_CONVERSION = YES;
				CLANG_WARN_OBJC_ROOT_CLASS = YES_ERROR;
				CLANG_WARN_QUOTED_INCLUDE_IN_FRAMEWORK_HEADER = YES;
				CLANG_WARN_RANGE_LOOP_ANALYSIS = YES;
				CLANG_WARN_STRICT_PROTOTYPES = YES;
				CLANG_WARN_SUSPICIOUS_MOVE = YES;
				CLANG_WARN_UNGUARDED_AVAILABILITY = YES_AGGRESSIVE;
				CLANG_WARN_UNREACHABLE_CODE = YES;
				CLANG_WARN__DUPLICATE_METHOD_MATCH = YES;
				COPY_PHASE_STRIP = NO;
				DEBUG_INFORMATION_FORMAT = dwarf;
				DEVELOPMENT_TEAM = "";
				ENABLE_STRICT_OBJC_MSGSEND = YES;
				ENABLE_TESTABILITY = YES;
				GCC_C_LANGUAGE_STANDARD = gnu11;
				GCC_DYNAMIC_NO_PIC = NO;
				GCC_NO_COMMON_BLOCKS = YES;
				GCC_OPTIMIZATION_LEVEL = 0;
				GCC_PREPROCESSOR_DEFINITIONS = (
					"$(inherited)",
					"DEBUG=1",
				);
				GCC_WARN_64_TO_32_BIT_CONVERSION = YES;
				GCC_WARN_ABOUT_RETURN_TYPE = YES_ERROR;
				GCC_WARN_UNDECLARED_SELECTOR = YES;
				GCC_WARN_UNINITIALIZED_AUTOS = YES_AGGRESSIVE;
				GCC_WARN_UNUSED_FUNCTION = YES;
				GCC_WARN_UNUSED_VARIABLE = YES;
				MTL_ENABLE_DEBUG_INFO = INCLUDE_SOURCE;
				MTL_FAST_MATH = YES;
				ONLY_ACTIVE_ARCH = YES;
				PRODUCT_NAME = "$(TARGET_NAME)";
				SDKROOT = appletvos;
				SWIFT_ACTIVE_COMPILATION_CONDITIONS = DEBUG;
				SWIFT_OPTIMIZATION_LEVEL = "-Onone";
				SWIFT_VERSION = 5.9;
				TVOS_DEPLOYMENT_TARGET = 17.0;
			};
			name = Debug;
		};
		5352E3CA2DDE6389C43BCB08 /* Release */ = {
			isa = XCBuildConfiguration;
			buildSettings = {
				ALWAYS_SEARCH_USER_PATHS = NO;
				CLANG_ANALYZER_NONNULL = YES;
				CLANG_ANALYZER_NUMBER_OBJECT_CONVERSION = YES_AGGRESSIVE;
				CLANG_CXX_LANGUAGE_STANDARD = "gnu++14";
				CLANG_CXX_LIBRARY = "libc++";
				CLANG_ENABLE_MODULES = YES;
				CLANG_ENABLE_OBJC_ARC = YES;
				CLANG_ENABLE_OBJC_WEAK = YES;
				CLANG_WARN_BLOCK_CAPTURE_AUTORELEASING = YES;
				CLANG_WARN_BOOL_CONVERSION = YES;
				CLANG_WARN_COMMA = YES;
				CLANG_WARN_CONSTANT_CONVERSION = YES;
				CLANG_WARN_DEPRECATED_OBJC_IMPLEMENTATIONS = YES;
				CLANG_WARN_DIRECT_OBJC_ISA_USAGE = YES_ERROR;
				CLANG_WARN_DOCUMENTATION_COMMENTS = YES;
				CLANG_WARN_EMPTY_BODY = YES;
				CLANG_WARN_ENUM_CONVERSION = YES;
				CLANG_WARN_INFINITE_RECURSION = YES;
				CLANG_WARN_INT_CONVERSION = YES;
				CLANG_WARN_NON_LITERAL_NULL_CONVERSION = YES;
				CLANG_WARN_OBJC_IMPLICIT_RETAIN_SELF = YES;
				CLANG_WARN_OBJC_LITERAL_CONVERSION = YES;
				CLANG_WARN_OBJC_ROOT_CLASS = YES_ERROR;
				CLANG_WARN_QUOTED_INCLUDE_IN_FRAMEWORK_HEADER = YES;
				CLANG_WARN_RANGE_LOOP_ANALYSIS = YES;
				CLANG_WARN_STRICT_PROTOTYPES = YES;
				CLANG_WARN_SUSPICIOUS_MOVE = YES;
				CLANG_WARN_UNGUARDED_AVAILABILITY = YES_AGGRESSIVE;
				CLANG_WARN_UNREACHABLE_CODE = YES;
				CLANG_WARN__DUPLICATE_METHOD_MATCH = YES;
				COPY_PHASE_STRIP = NO;
				DEBUG_INFORMATION_FORMAT = "dwarf-with-dsym";
				DEVELOPMENT_TEAM = "";
				ENABLE_NS_ASSERTIONS = NO;
				ENABLE_STRICT_OBJC_MSGSEND = YES;
				GCC_C_LANGUAGE_STANDARD = gnu11;
				GCC_NO_COMMON_BLOCKS = YES;
				GCC_WARN_64_TO_32_BIT_CONVERSION = YES;
				GCC_WARN_ABOUT_RETURN_TYPE = YES_ERROR;
				GCC_WARN_UNDECLARED_SELECTOR = YES;
				GCC_WARN_UNINITIALIZED_AUTOS = YES_AGGRESSIVE;
				GCC_WARN_UNUSED_FUNCTION = YES;
				GCC_WARN_UNUSED_VARIABLE = YES;
				MTL_ENABLE_DEBUG_INFO = NO;
				MTL_FAST_MATH = YES;
				PRODUCT_NAME = "$(TARGET_NAME)";
				SDKROOT = appletvos;
				SWIFT_COMPILATION_MODE = wholemodule;
				SWIFT_OPTIMIZATION_LEVEL = "-O";
				SWIFT_VERSION = 5.9;
				TVOS_DEPLOYMENT_TARGET = 17.0;
			};
			name = Release;
		};
		E44A722BD62648701DFFD8D7 /* Debug */ = {
			isa = XCBuildConfiguration;
			buildSettings = {
				ASSETCATALOG_COMPILER_APPICON_NAME = "App Icon & Top Shelf Image";
				ASSETCATALOG_COMPILER_GLOBAL_ACCENT_COLOR_NAME = AccentColor;
				ASSETCATALOG_COMPILER_LAUNCHIMAGE_NAME = LaunchImage;
				GENERATE_INFOPLIST_FILE = NO;
				INFOPLIST_FILE = PhotoQuizz/Info.plist;
				LD_RUNPATH_SEARCH_PATHS = (
					"$(inherited)",
					"@executable_path/Frameworks",
				);
				PRODUCT_BUNDLE_IDENTIFIER = com.photoquizz.app;
				PRODUCT_NAME = PhotoQuizz;
				SDKROOT = appletvos;
				SWIFT_EMIT_LOC_STRINGS = YES;
				TARGETED_DEVICE_FAMILY = 3;
			};
			name = Debug;
		};
		FC6B796DD050515BFF9C4DB3 /* Release */ = {
			isa = XCBuildConfiguration;
			buildSettings = {
				ASSETCATALOG_COMPILER_APPICON_NAME = "App Icon & Top Shelf Image";
				ASSETCATALOG_COMPILER_GLOBAL_ACCENT_COLOR_NAME = AccentColor;
				ASSETCATALOG_COMPILER_LAUNCHIMAGE_NAME = LaunchImage;
				GENERATE_INFOPLIST_FILE = NO;
				INFOPLIST_FILE = PhotoQuizz/Info.plist;
				LD_RUNPATH_SEARCH_PATHS = (
					"$(inherited)",
					"@executable_path/Frameworks",
				);
				PRODUCT_BUNDLE_IDENTIFIER = com.photoquizz.app;
				PRODUCT_NAME = PhotoQuizz;
				SDKROOT = appletvos;
				SWIFT_EMIT_LOC_STRINGS = YES;
				TARGETED_DEVICE_FAMILY = 3;
			};
			name = Release;
		};
/* End XCBuildConfiguration section */

/* Begin XCConfigurationList section */
		073D8F15FD21B22E183DD41E /* Build configuration list for PBXNativeTarget "PhotoQuizz" */ = {
			isa = XCConfigurationList;
			buildConfigurations = (
				E44A722BD62648701DFFD8D7 /* Debug */,
				FC6B796DD050515BFF9C4DB3 /* Release */,
			);
			defaultConfigurationIsVisible = 0;
			defaultConfigurationName = Debug;
		};
		E8F5E83FD8B57A36BD50D977 /* Build configuration list for PBXProject "PhotoQuizz" */ = {
			isa = XCConfigurationList;
			buildConfigurations = (
				451479E6DB87214FB8ACA40B /* Debug */,
				5352E3CA2DDE6389C43BCB08 /* Release */,
			);
			defaultConfigurationIsVisible = 0;
			defaultConfigurationName = Debug;
		};
/* End XCConfigurationList section */
	};
	rootObject = 9C6A77FE2D61CED2BCE440D0 /* Project object */;
}
