// !$*UTF8*$!
{
	archiveVersion = 1;
	classes = {
	};
	objectVersion = 77;
	objects = {

/* Begin PBXContainerItemProxy section */
		3F00A02C2DC3AD2800ED1C17 /* PBXContainerItemProxy */ = {
			isa = PBXContainerItemProxy;
			containerPortal = 3F00A0102DC3AD2600ED1C17 /* Project object */;
			proxyType = 1;
			remoteGlobalIDString = 3F00A0172DC3AD2600ED1C17;
			remoteInfo = PhotoQuizz;
		};
		3F00A0362DC3AD2800ED1C17 /* PBXContainerItemProxy */ = {
			isa = PBXContainerItemProxy;
			containerPortal = 3F00A0102DC3AD2600ED1C17 /* Project object */;
			proxyType = 1;
			remoteGlobalIDString = 3F00A0172DC3AD2600ED1C17;
			remoteInfo = PhotoQuizz;
		};
/* End PBXContainerItemProxy section */

/* Begin PBXFileReference section */
		3F00A0182DC3AD2600ED1C17 /* PhotoQuizz.app */ = {isa = PBXFileReference; explicitFileType = wrapper.application; includeInIndex = 0; path = PhotoQuizz.app; sourceTree = BUILT_PRODUCTS_DIR; };
		3F00A02B2DC3AD2800ED1C17 /* PhotoQuizzTests.xctest */ = {isa = PBXFileReference; explicitFileType = wrapper.cfbundle; includeInIndex = 0; path = PhotoQuizzTests.xctest; sourceTree = BUILT_PRODUCTS_DIR; };
		3F00A0352DC3AD2800ED1C17 /* PhotoQuizzUITests.xctest */ = {isa = PBXFileReference; explicitFileType = wrapper.cfbundle; includeInIndex = 0; path = PhotoQuizzUITests.xctest; sourceTree = BUILT_PRODUCTS_DIR; };
/* End PBXFileReference section */

/* Begin PBXFileSystemSynchronizedRootGroup section */
		3F00A01A2DC3AD2600ED1C17 /* PhotoQuizz */ = {
			isa = PBXFileSystemSynchronizedRootGroup;
			path = PhotoQuizz;
			sourceTree = "<group>";
		};
		3F00A02E2DC3AD2800ED1C17 /* PhotoQuizzTests */ = {
			isa = PBXFileSystemSynchronizedRootGroup;
			path = PhotoQuizzTests;
			sourceTree = "<group>";
		};
		3F00A0382DC3AD2800ED1C17 /* PhotoQuizzUITests */ = {
			isa = PBXFileSystemSynchronizedRootGroup;
			path = PhotoQuizzUITests;
			sourceTree = "<group>";
		};
/* End PBXFileSystemSynchronizedRootGroup section */

/* Begin PBXFrameworksBuildPhase section */
		3F00A0152DC3AD2600ED1C17 /* Frameworks */ = {
			isa = PBXFrameworksBuildPhase;
			buildActionMask = 2147483647;
			files = (
			);
			runOnlyForDeploymentPostprocessing = 0;
		};
		3F00A0282DC3AD2800ED1C17 /* Frameworks */ = {
			isa = PBXFrameworksBuildPhase;
			buildActionMask = 2147483647;
			files = (
			);
			runOnlyForDeploymentPostprocessing = 0;
		};
		3F00A0322DC3AD2800ED1C17 /* Frameworks */ = {
			isa = PBXFrameworksBuildPhase;
			buildActionMask = 2147483647;
			files = (
			);
			runOnlyForDeploymentPostprocessing = 0;
		};
/* End PBXFrameworksBuildPhase section */

/* Begin PBXGroup section */
		3F00A00F2DC3AD2600ED1C17 = {
			isa = PBXGroup;
			children = (
				3F00A01A2DC3AD2600ED1C17 /* PhotoQuizz */,
				3F00A02E2DC3AD2800ED1C17 /* PhotoQuizzTests */,
				3F00A0382DC3AD2800ED1C17 /* PhotoQuizzUITests */,
				3F00A0192DC3AD2600ED1C17 /* Products */,
			);
			sourceTree = "<group>";
		};
		3F00A0192DC3AD2600ED1C17 /* Products */ = {
			isa = PBXGroup;
			children = (
				3F00A0182DC3AD2600ED1C17 /* PhotoQuizz.app */,
				3F00A02B2DC3AD2800ED1C17 /* PhotoQuizzTests.xctest */,
				3F00A0352DC3AD2800ED1C17 /* PhotoQuizzUITests.xctest */,
			);
			name = Products;
			sourceTree = "<group>";
		};
/* End PBXGroup section */

/* Begin PBXNativeTarget section */
		3F00A0172DC3AD2600ED1C17 /* PhotoQuizz */ = {
			isa = PBXNativeTarget;
			buildConfigurationList = 3F00A03F2DC3AD2800ED1C17 /* Build configuration list for PBXNativeTarget "PhotoQuizz" */;
			buildPhases = (
				3F00A0142DC3AD2600ED1C17 /* Sources */,
				3F00A0152DC3AD2600ED1C17 /* Frameworks */,
				3F00A0162DC3AD2600ED1C17 /* Resources */,
			);
			buildRules = (
			);
			dependencies = (
			);
			fileSystemSynchronizedGroups = (
				3F00A01A2DC3AD2600ED1C17 /* PhotoQuizz */,
			);
			name = PhotoQuizz;
			packageProductDependencies = (
			);
			productName = PhotoQuizz;
			productReference = 3F00A0182DC3AD2600ED1C17 /* PhotoQuizz.app */;
			productType = "com.apple.product-type.application";
		};
		3F00A02A2DC3AD2800ED1C17 /* PhotoQuizzTests */ = {
			isa = PBXNativeTarget;
			buildConfigurationList = 3F00A0422DC3AD2800ED1C17 /* Build configuration list for PBXNativeTarget "PhotoQuizzTests" */;
			buildPhases = (
				3F00A0272DC3AD2800ED1C17 /* Sources */,
				3F00A0282DC3AD2800ED1C17 /* Frameworks */,
				3F00A0292DC3AD2800ED1C17 /* Resources */,
			);
			buildRules = (
			);
			dependencies = (
				3F00A02D2DC3AD2800ED1C17 /* PBXTargetDependency */,
			);
			fileSystemSynchronizedGroups = (
				3F00A02E2DC3AD2800ED1C17 /* PhotoQuizzTests */,
			);
			name = PhotoQuizzTests;
			packageProductDependencies = (
			);
			productName = PhotoQuizzTests;
			productReference = 3F00A02B2DC3AD2800ED1C17 /* PhotoQuizzTests.xctest */;
			productType = "com.apple.product-type.bundle.unit-test";
		};
		3F00A0342DC3AD2800ED1C17 /* PhotoQuizzUITests */ = {
			isa = PBXNativeTarget;
			buildConfigurationList = 3F00A0452DC3AD2800ED1C17 /* Build configuration list for PBXNativeTarget "PhotoQuizzUITests" */;
			buildPhases = (
				3F00A0312DC3AD2800ED1C17 /* Sources */,
				3F00A0322DC3AD2800ED1C17 /* Frameworks */,
				3F00A0332DC3AD2800ED1C17 /* Resources */,
			);
			buildRules = (
			);
			dependencies = (
				3F00A0372DC3AD2800ED1C17 /* PBXTargetDependency */,
			);
			fileSystemSynchronizedGroups = (
				3F00A0382DC3AD2800ED1C17 /* PhotoQuizzUITests */,
			);
			name = PhotoQuizzUITests;
			packageProductDependencies = (
			);
			productName = PhotoQuizzUITests;
			productReference = 3F00A0352DC3AD2800ED1C17 /* PhotoQuizzUITests.xctest */;
			productType = "com.apple.product-type.bundle.ui-testing";
		};
/* End PBXNativeTarget section */

/* Begin PBXProject section */
		3F00A0102DC3AD2600ED1C17 /* Project object */ = {
			isa = PBXProject;
			attributes = {
				BuildIndependentTargetsInParallel = 1;
				LastSwiftUpdateCheck = 1630;
				LastUpgradeCheck = 1630;
				TargetAttributes = {
					3F00A0172DC3AD2600ED1C17 = {
						CreatedOnToolsVersion = 16.3;
					};
					3F00A02A2DC3AD2800ED1C17 = {
						CreatedOnToolsVersion = 16.3;
						TestTargetID = 3F00A0172DC3AD2600ED1C17;
					};
					3F00A0342DC3AD2800ED1C17 = {
						CreatedOnToolsVersion = 16.3;
						TestTargetID = 3F00A0172DC3AD2600ED1C17;
					};
				};
			};
			buildConfigurationList = 3F00A0132DC3AD2600ED1C17 /* Build configuration list for PBXProject "PhotoQuizz" */;
			developmentRegion = en;
			hasScannedForEncodings = 0;
			knownRegions = (
				en,
				Base,
			);
			mainGroup = 3F00A00F2DC3AD2600ED1C17;
			minimizedProjectReferenceProxies = 1;
			preferredProjectObjectVersion = 77;
			productRefGroup = 3F00A0192DC3AD2600ED1C17 /* Products */;
			projectDirPath = "";
			projectRoot = "";
			targets = (
				3F00A0172DC3AD2600ED1C17 /* PhotoQuizz */,
				3F00A02A2DC3AD2800ED1C17 /* PhotoQuizzTests */,
				3F00A0342DC3AD2800ED1C17 /* PhotoQuizzUITests */,
			);
		};
/* End PBXProject section */

/* Begin PBXResourcesBuildPhase section */
		3F00A0162DC3AD2600ED1C17 /* Resources */ = {
			isa = PBXResourcesBuildPhase;
			buildActionMask = 2147483647;
			files = (
			);
			runOnlyForDeploymentPostprocessing = 0;
		};
		3F00A0292DC3AD2800ED1C17 /* Resources */ = {
			isa = PBXResourcesBuildPhase;
			buildActionMask = 2147483647;
			files = (
			);
			runOnlyForDeploymentPostprocessing = 0;
		};
		3F00A0332DC3AD2800ED1C17 /* Resources */ = {
			isa = PBXResourcesBuildPhase;
			buildActionMask = 2147483647;
			files = (
			);
			runOnlyForDeploymentPostprocessing = 0;
		};
/* End PBXResourcesBuildPhase section */

/* Begin PBXSourcesBuildPhase section */
		3F00A0142DC3AD2600ED1C17 /* Sources */ = {
			isa = PBXSourcesBuildPhase;
			buildActionMask = 2147483647;
			files = (
			);
			runOnlyForDeploymentPostprocessing = 0;
		};
		3F00A0272DC3AD2800ED1C17 /* Sources */ = {
			isa = PBXSourcesBuildPhase;
			buildActionMask = 2147483647;
			files = (
			);
			runOnlyForDeploymentPostprocessing = 0;
		};
		3F00A0312DC3AD2800ED1C17 /* Sources */ = {
			isa = PBXSourcesBuildPhase;
			buildActionMask = 2147483647;
			files = (
			);
			runOnlyForDeploymentPostprocessing = 0;
		};
/* End PBXSourcesBuildPhase section */

/* Begin PBXTargetDependency section */
		3F00A02D2DC3AD2800ED1C17 /* PBXTargetDependency */ = {
			isa = PBXTargetDependency;
			target = 3F00A0172DC3AD2600ED1C17 /* PhotoQuizz */;
			targetProxy = 3F00A02C2DC3AD2800ED1C17 /* PBXContainerItemProxy */;
		};
		3F00A0372DC3AD2800ED1C17 /* PBXTargetDependency */ = {
			isa = PBXTargetDependency;
			target = 3F00A0172DC3AD2600ED1C17 /* PhotoQuizz */;
			targetProxy = 3F00A0362DC3AD2800ED1C17 /* PBXContainerItemProxy */;
		};
/* End PBXTargetDependency section */

/* Begin XCBuildConfiguration section */
		3F00A03D2DC3AD2800ED1C17 /* Debug */ = {
			isa = XCBuildConfiguration;
			buildSettings = {
				ALWAYS_SEARCH_USER_PATHS = NO;
				ASSETCATALOG_COMPILER_GENERATE_SWIFT_ASSET_SYMBOL_EXTENSIONS = YES;
				CLANG_ANALYZER_NONNULL = YES;
				CLANG_ANALYZER_NUMBER_OBJECT_CONVERSION = YES_AGGRESSIVE;
				CLANG_CXX_LANGUAGE_STANDARD = "gnu++20";
				CLANG_ENABLE_MODULES = YES;
				CLANG_ENABLE_OBJC_ARC = YES;
				CLANG_ENABLE_OBJC_WEAK = YES;
				CLANG_WARN_BLOCK_CAPTURE_AUTORELEASING = YES;
				CLANG_WARN_BOOL_CONVERSION = YES;
				CLANG_WARN_COMMA = YES;
				CLANG_WARN_CONSTANT_CONVERSION = YES;
				CLANG_WARN_DEPRECATED_OBJC_IMPLEMENTATIONS = YES;
				CLANG_WARN_DIRECT_OBJC_ISA_USAGE = YES_ERROR;
				CLANG_WARN_DOCUMENTATION_COMMENTS = YES;
				CLANG_WARN_EMPTY_BODY = YES;
				CLANG_WARN_ENUM_CONVERSION = YES;
				CLANG_WARN_INFINITE_RECURSION = YES;
				CLANG_WARN_INT_CONVERSION = YES;
				CLANG_WARN_NON_LITERAL_NULL_CONVERSION = YES;
				CLANG_WARN_OBJC_IMPLICIT_RETAIN_SELF = YES;
				CLANG_WARN_OBJC_LITERAL_CONVERSION = YES;
				CLANG_WARN_OBJC_ROOT_CLASS = YES_ERROR;
				CLANG_WARN_QUOTED_INCLUDE_IN_FRAMEWORK_HEADER = YES;
				CLANG_WARN_RANGE_LOOP_ANALYSIS = YES;
				CLANG_WARN_STRICT_PROTOTYPES = YES;
				CLANG_WARN_SUSPICIOUS_MOVE = YES;
				CLANG_WARN_UNGUARDED_AVAILABILITY = YES_AGGRESSIVE;
				CLANG_WARN_UNREACHABLE_CODE = YES;
				CLANG_WARN__DUPLICATE_METHOD_MATCH = YES;
				COPY_PHASE_STRIP = NO;
				DEBUG_INFORMATION_FORMAT = dwarf;
				DEVELOPMENT_TEAM = XKFAS389Q8;
				ENABLE_STRICT_OBJC_MSGSEND = YES;
				ENABLE_TESTABILITY = YES;
				ENABLE_USER_SCRIPT_SANDBOXING = YES;
				GCC_C_LANGUAGE_STANDARD = gnu17;
				GCC_DYNAMIC_NO_PIC = NO;
				GCC_NO_COMMON_BLOCKS = YES;
				GCC_OPTIMIZATION_LEVEL = 0;
				GCC_PREPROCESSOR_DEFINITIONS = (
					"DEBUG=1",
					"$(inherited)",
				);
				GCC_WARN_64_TO_32_BIT_CONVERSION = YES;
				GCC_WARN_ABOUT_RETURN_TYPE = YES_ERROR;
				GCC_WARN_UNDECLARED_SELECTOR = YES;
				GCC_WARN_UNINITIALIZED_AUTOS = YES_AGGRESSIVE;
				GCC_WARN_UNUSED_FUNCTION = YES;
				GCC_WARN_UNUSED_VARIABLE = YES;
				LOCALIZATION_PREFERS_STRING_CATALOGS = YES;
				MTL_ENABLE_DEBUG_INFO = INCLUDE_SOURCE;
				MTL_FAST_MATH = YES;
				ONLY_ACTIVE_ARCH = YES;
				SDKROOT = appletvos;
				SWIFT_ACTIVE_COMPILATION_CONDITIONS = "DEBUG $(inherited)";
				SWIFT_OPTIMIZATION_LEVEL = "-Onone";
				TVOS_DEPLOYMENT_TARGET = 18.4;
			};
			name = Debug;
		};
		3F00A03E2DC3AD2800ED1C17 /* Release */ = {
			isa = XCBuildConfiguration;
			buildSettings = {
				ALWAYS_SEARCH_USER_PATHS = NO;
				ASSETCATALOG_COMPILER_GENERATE_SWIFT_ASSET_SYMBOL_EXTENSIONS = YES;
				CLANG_ANALYZER_NONNULL = YES;
				CLANG_ANALYZER_NUMBER_OBJECT_CONVERSION = YES_AGGRESSIVE;
				CLANG_CXX_LANGUAGE_STANDARD = "gnu++20";
				CLANG_ENABLE_MODULES = YES;
				CLANG_ENABLE_OBJC_ARC = YES;
				CLANG_ENABLE_OBJC_WEAK = YES;
				CLANG_WARN_BLOCK_CAPTURE_AUTORELEASING = YES;
				CLANG_WARN_BOOL_CONVERSION = YES;
				CLANG_WARN_COMMA = YES;
				CLANG_WARN_CONSTANT_CONVERSION = YES;
				CLANG_WARN_DEPRECATED_OBJC_IMPLEMENTATIONS = YES;
				CLANG_WARN_DIRECT_OBJC_ISA_USAGE = YES_ERROR;
				CLANG_WARN_DOCUMENTATION_COMMENTS = YES;
				CLANG_WARN_EMPTY_BODY = YES;
				CLANG_WARN_ENUM_CONVERSION = YES;
				CLANG_WARN_INFINITE_RECURSION = YES;
				CLANG_WARN_INT_CONVERSION = YES;
				CLANG_WARN_NON_LITERAL_NULL_CONVERSION = YES;
				CLANG_WARN_OBJC_IMPLICIT_RETAIN_SELF = YES;
				CLANG_WARN_OBJC_LITERAL_CONVERSION = YES;
				CLANG_WARN_OBJC_ROOT_CLASS = YES_ERROR;
				CLANG_WARN_QUOTED_INCLUDE_IN_FRAMEWORK_HEADER = YES;
				CLANG_WARN_RANGE_LOOP_ANALYSIS = YES;
				CLANG_WARN_STRICT_PROTOTYPES = YES;
				CLANG_WARN_SUSPICIOUS_MOVE = YES;
				CLANG_WARN_UNGUARDED_AVAILABILITY = YES_AGGRESSIVE;
				CLANG_WARN_UNREACHABLE_CODE = YES;
				CLANG_WARN__DUPLICATE_METHOD_MATCH = YES;
				COPY_PHASE_STRIP = NO;
				DEBUG_INFORMATION_FORMAT = "dwarf-with-dsym";
				DEVELOPMENT_TEAM = XKFAS389Q8;
				ENABLE_NS_ASSERTIONS = NO;
				ENABLE_STRICT_OBJC_MSGSEND = YES;
				ENABLE_USER_SCRIPT_SANDBOXING = YES;
				GCC_C_LANGUAGE_STANDARD = gnu17;
				GCC_NO_COMMON_BLOCKS = YES;
				GCC_WARN_64_TO_32_BIT_CONVERSION = YES;
				GCC_WARN_ABOUT_RETURN_TYPE = YES_ERROR;
				GCC_WARN_UNDECLARED_SELECTOR = YES;
				GCC_WARN_UNINITIALIZED_AUTOS = YES_AGGRESSIVE;
				GCC_WARN_UNUSED_FUNCTION = YES;
				GCC_WARN_UNUSED_VARIABLE = YES;
				LOCALIZATION_PREFERS_STRING_CATALOGS = YES;
				MTL_ENABLE_DEBUG_INFO = NO;
				MTL_FAST_MATH = YES;
				SDKROOT = appletvos;
				SWIFT_COMPILATION_MODE = wholemodule;
				TVOS_DEPLOYMENT_TARGET = 18.4;
				VALIDATE_PRODUCT = YES;
			};
			name = Release;
		};
		3F00A0402DC3AD2800ED1C17 /* Debug */ = {
			isa = XCBuildConfiguration;
			buildSettings = {
				ASSETCATALOG_COMPILER_APPICON_NAME = "App Icon & Top Shelf Image";
				ASSETCATALOG_COMPILER_GLOBAL_ACCENT_COLOR_NAME = AccentColor;
				CODE_SIGN_STYLE = Automatic;
				CURRENT_PROJECT_VERSION = 1;
				DEVELOPMENT_TEAM = XKFAS389Q8;
				GENERATE_INFOPLIST_FILE = YES;
				INFOPLIST_KEY_UILaunchStoryboardName = LaunchScreen;
				INFOPLIST_KEY_UIMainStoryboardFile = Main;
				INFOPLIST_KEY_UIUserInterfaceStyle = Automatic;
				LD_RUNPATH_SEARCH_PATHS = (
					"$(inherited)",
					"@executable_path/Frameworks",
				);
				MARKETING_VERSION = 1.0;
				PRODUCT_BUNDLE_IDENTIFIER = com.BastienMicha.PhotoQuizz;
				PRODUCT_NAME = "$(TARGET_NAME)";
				SWIFT_EMIT_LOC_STRINGS = YES;
				SWIFT_VERSION = 5.0;
				TARGETED_DEVICE_FAMILY = 3;
			};
			name = Debug;
		};
		3F00A0412DC3AD2800ED1C17 /* Release */ = {
			isa = XCBuildConfiguration;
			buildSettings = {
				ASSETCATALOG_COMPILER_APPICON_NAME = "App Icon & Top Shelf Image";
				ASSETCATALOG_COMPILER_GLOBAL_ACCENT_COLOR_NAME = AccentColor;
				CODE_SIGN_STYLE = Automatic;
				CURRENT_PROJECT_VERSION = 1;
				DEVELOPMENT_TEAM = XKFAS389Q8;
				GENERATE_INFOPLIST_FILE = YES;
				INFOPLIST_KEY_UILaunchStoryboardName = LaunchScreen;
				INFOPLIST_KEY_UIMainStoryboardFile = Main;
				INFOPLIST_KEY_UIUserInterfaceStyle = Automatic;
				LD_RUNPATH_SEARCH_PATHS = (
					"$(inherited)",
					"@executable_path/Frameworks",
				);
				MARKETING_VERSION = 1.0;
				PRODUCT_BUNDLE_IDENTIFIER = com.BastienMicha.PhotoQuizz;
				PRODUCT_NAME = "$(TARGET_NAME)";
				SWIFT_EMIT_LOC_STRINGS = YES;
				SWIFT_VERSION = 5.0;
				TARGETED_DEVICE_FAMILY = 3;
			};
			name = Release;
		};
		3F00A0432DC3AD2800ED1C17 /* Debug */ = {
			isa = XCBuildConfiguration;
			buildSettings = {
				BUNDLE_LOADER = "$(TEST_HOST)";
				CODE_SIGN_STYLE = Automatic;
				CURRENT_PROJECT_VERSION = 1;
				DEVELOPMENT_TEAM = XKFAS389Q8;
				GENERATE_INFOPLIST_FILE = YES;
				MARKETING_VERSION = 1.0;
				PRODUCT_BUNDLE_IDENTIFIER = com.BastienMicha.PhotoQuizzTests;
				PRODUCT_NAME = "$(TARGET_NAME)";
				SWIFT_EMIT_LOC_STRINGS = NO;
				SWIFT_VERSION = 5.0;
				TARGETED_DEVICE_FAMILY = 3;
				TEST_HOST = "$(BUILT_PRODUCTS_DIR)/PhotoQuizz.app/$(BUNDLE_EXECUTABLE_FOLDER_PATH)/PhotoQuizz";
				TVOS_DEPLOYMENT_TARGET = 18.4;
			};
			name = Debug;
		};
		3F00A0442DC3AD2800ED1C17 /* Release */ = {
			isa = XCBuildConfiguration;
			buildSettings = {
				BUNDLE_LOADER = "$(TEST_HOST)";
				CODE_SIGN_STYLE = Automatic;
				CURRENT_PROJECT_VERSION = 1;
				DEVELOPMENT_TEAM = XKFAS389Q8;
				GENERATE_INFOPLIST_FILE = YES;
				MARKETING_VERSION = 1.0;
				PRODUCT_BUNDLE_IDENTIFIER = com.BastienMicha.PhotoQuizzTests;
				PRODUCT_NAME = "$(TARGET_NAME)";
				SWIFT_EMIT_LOC_STRINGS = NO;
				SWIFT_VERSION = 5.0;
				TARGETED_DEVICE_FAMILY = 3;
				TEST_HOST = "$(BUILT_PRODUCTS_DIR)/PhotoQuizz.app/$(BUNDLE_EXECUTABLE_FOLDER_PATH)/PhotoQuizz";
				TVOS_DEPLOYMENT_TARGET = 18.4;
			};
			name = Release;
		};
		3F00A0462DC3AD2800ED1C17 /* Debug */ = {
			isa = XCBuildConfiguration;
			buildSettings = {
				CODE_SIGN_STYLE = Automatic;
				CURRENT_PROJECT_VERSION = 1;
				DEVELOPMENT_TEAM = XKFAS389Q8;
				GENERATE_INFOPLIST_FILE = YES;
				MARKETING_VERSION = 1.0;
				PRODUCT_BUNDLE_IDENTIFIER = com.BastienMicha.PhotoQuizzUITests;
				PRODUCT_NAME = "$(TARGET_NAME)";
				SWIFT_EMIT_LOC_STRINGS = NO;
				SWIFT_VERSION = 5.0;
				TARGETED_DEVICE_FAMILY = 3;
				TEST_TARGET_NAME = PhotoQuizz;
			};
			name = Debug;
		};
		3F00A0472DC3AD2800ED1C17 /* Release */ = {
			isa = XCBuildConfiguration;
			buildSettings = {
				CODE_SIGN_STYLE = Automatic;
				CURRENT_PROJECT_VERSION = 1;
				DEVELOPMENT_TEAM = XKFAS389Q8;
				GENERATE_INFOPLIST_FILE = YES;
				MARKETING_VERSION = 1.0;
				PRODUCT_BUNDLE_IDENTIFIER = com.BastienMicha.PhotoQuizzUITests;
				PRODUCT_NAME = "$(TARGET_NAME)";
				SWIFT_EMIT_LOC_STRINGS = NO;
				SWIFT_VERSION = 5.0;
				TARGETED_DEVICE_FAMILY = 3;
				TEST_TARGET_NAME = PhotoQuizz;
			};
			name = Release;
		};
/* End XCBuildConfiguration section */

/* Begin XCConfigurationList section */
		3F00A0132DC3AD2600ED1C17 /* Build configuration list for PBXProject "PhotoQuizz" */ = {
			isa = XCConfigurationList;
			buildConfigurations = (
				3F00A03D2DC3AD2800ED1C17 /* Debug */,
				3F00A03E2DC3AD2800ED1C17 /* Release */,
			);
			defaultConfigurationIsVisible = 0;
			defaultConfigurationName = Release;
		};
		3F00A03F2DC3AD2800ED1C17 /* Build configuration list for PBXNativeTarget "PhotoQuizz" */ = {
			isa = XCConfigurationList;
			buildConfigurations = (
				3F00A0402DC3AD2800ED1C17 /* Debug */,
				3F00A0412DC3AD2800ED1C17 /* Release */,
			);
			defaultConfigurationIsVisible = 0;
			defaultConfigurationName = Release;
		};
		3F00A0422DC3AD2800ED1C17 /* Build configuration list for PBXNativeTarget "PhotoQuizzTests" */ = {
			isa = XCConfigurationList;
			buildConfigurations = (
				3F00A0432DC3AD2800ED1C17 /* Debug */,
				3F00A0442DC3AD2800ED1C17 /* Release */,
			);
			defaultConfigurationIsVisible = 0;
			defaultConfigurationName = Release;
		};
		3F00A0452DC3AD2800ED1C17 /* Build configuration list for PBXNativeTarget "PhotoQuizzUITests" */ = {
			isa = XCConfigurationList;
			buildConfigurations = (
				3F00A0462DC3AD2800ED1C17 /* Debug */,
				3F00A0472DC3AD2800ED1C17 /* Release */,
			);
			defaultConfigurationIsVisible = 0;
			defaultConfigurationName = Release;
		};
/* End XCConfigurationList section */
	};
	rootObject = 3F00A0102DC3AD2600ED1C17 /* Project object */;
}
